name: Update flake.lock
on:
  workflow_dispatch:
  schedule:
    - cron: "37 21 * * 3,6"
permissions:
  contents: write
  pull-requests: write
jobs:
  lockfile:
    runs-on: ubuntu-latest
    steps:
      - uses: actions/checkout@08c6903cd8c0fde910a37f88322edcfb5dd907a8 # v5.0.0
      - name: Install Nix
        uses: cachix/install-nix-action@c134e4c9e34bac6cab09cf239815f9339aaaf84e # v31.5.1
      - uses: actions/create-github-app-token@df432ceedc7162793a195dd1713ff69aefc7379e # v2.0.6
        id: app-token
        with:
          app-id: ${{ secrets.CI_APP_ID }}
          private-key: ${{ secrets.CI_APP_PRIVATE_KEY }}
          owner: ${{ github.repository_owner }}
      - name: Update flake.lock
        id: update
        uses: DeterminateSystems/update-flake-lock@9070c8924674eb79cc49246b8b6f2e14f4378eb0 # v26
        with:
          token: ${{ steps.app-token.outputs.token }}
          commit-msg: "Update flake.lock"
          pr-title: "Update flake.lock"
      - name: Enable auto-merge
        if: ${{ steps.update.outputs.pull-request-number }}
        run: gh pr merge --rebase --auto --delete-branch ${{ steps.update.outputs.pull-request-number }}
        env:
          GITHUB_TOKEN: ${{ secrets.GITHUB_TOKEN }}
